{
  "lockfile_version": "1",
  "packages": {
    "gcc@latest": {
      "last_modified": "2024-03-08T13:51:52Z",
      "resolved": "github:NixOS/nixpkgs/a343533bccc62400e8a9560423486a3b6c11a23b#gcc",
      "source": "devbox-search",
      "version": "13.2.0",
      "systems": {
        "aarch64-darwin": {
          "store_path": "/nix/store/pv08w38nrfp2ybbfxssdij2jfi55r6ld-gcc-wrapper-13.2.0"
        },
        "aarch64-linux": {
          "store_path": "/nix/store/44di4gvw6lydf0hm9105palmlsdyvq5w-gcc-wrapper-13.2.0"
        },
        "x86_64-darwin": {
          "store_path": "/nix/store/va7xgq34096yl5lhr677s919dnqaz45h-gcc-wrapper-13.2.0"
        },
        "x86_64-linux": {
          "store_path": "/nix/store/qhpw32pz39y6i30b3vrbw5fw6zv5549f-gcc-wrapper-13.2.0"
        }
      }
    },
    "libGL@latest": {
      "last_modified": "2024-03-08T13:51:52Z",
      "resolved": "github:NixOS/nixpkgs/a343533bccc62400e8a9560423486a3b6c11a23b#libGL",
      "source": "devbox-search",
      "version": "24.0.2",
      "systems": {
        "aarch64-darwin": {
          "store_path": "/nix/store/rp0f656jwdw0zcsidis25sghvp3a80hk-libGL-24.0.2"
        },
        "x86_64-darwin": {
          "store_path": "/nix/store/74bs6s7hjb8508zfqslmkjgv1l2vwr78-libGL-24.0.2"
        }
      }
    },
    "libxkbcommon@latest": {
      "last_modified": "2024-03-14T09:34:31Z",
      "resolved": "github:NixOS/nixpkgs/bd5ddf2c6bfafff031edf80221e1ee94e86ca10a#libxkbcommon",
      "source": "devbox-search",
      "version": "1.5.0",
      "systems": {
        "aarch64-darwin": {
          "store_path": "/nix/store/03xg0yvssmradvrz4h75d2wm8f2c6azh-libxkbcommon-1.5.0"
        },
        "aarch64-linux": {
          "store_path": "/nix/store/hdb5payxdjwdz9g69h1j3dsvhzvxbfq6-libxkbcommon-1.5.0"
        },
        "x86_64-darwin": {
          "store_path": "/nix/store/r14v925x85mxw3dm2dy5cm4l3kvhpk47-libxkbcommon-1.5.0"
        },
        "x86_64-linux": {
          "store_path": "/nix/store/nvjylhp4ihsw1njffcmfna7gqmkrs6si-libxkbcommon-1.5.0"
        }
      }
    },
    "lldb@latest": {
      "last_modified": "2024-03-02T05:21:12Z",
      "resolved": "github:NixOS/nixpkgs/458b097d81f90275b3fdf03796f0563844926708#lldb",
      "source": "devbox-search",
      "version": "16.0.6",
      "systems": {
        "aarch64-darwin": {
          "store_path": "/nix/store/qpy9prbgzxr25pdmgwmg7k6pmblyj3vw-lldb-16.0.6"
        },
        "aarch64-linux": {
          "store_path": "/nix/store/cgbmbis4rkn83v9y0amq1k37bc4j94js-lldb-16.0.6"
        },
        "x86_64-darwin": {
          "store_path": "/nix/store/36wdi8x8d97my9vnhdsl4dj3wzix9ss9-lldb-16.0.6"
        },
        "x86_64-linux": {
          "store_path": "/nix/store/brswvn3jrjmvdnk3b8hq33zkf16xli2z-lldb-16.0.6"
        }
      }
    },
    "rustup@latest": {
      "last_modified": "2024-03-08T13:51:52Z",
      "plugin_version": "0.0.1",
      "resolved": "github:NixOS/nixpkgs/a343533bccc62400e8a9560423486a3b6c11a23b#rustup",
      "source": "devbox-search",
      "version": "1.26.0",
      "systems": {
        "aarch64-darwin": {
          "store_path": "/nix/store/hgzyfdwvy68mp3xpbniwavizcpd67s2y-rustup-1.26.0"
        },
        "aarch64-linux": {
          "store_path": "/nix/store/2pn6r28vj0lf62shzwj3i8r3mg2njdvh-rustup-1.26.0"
        },
        "x86_64-darwin": {
          "store_path": "/nix/store/xwf6zn2y28655864c3m5453m02ig9id4-rustup-1.26.0"
        },
        "x86_64-linux": {
          "store_path": "/nix/store/49kaqs594l0i29b0dgzm3mvjz9blsdlj-rustup-1.26.0"
        }
      }
    },
    "wayland@latest": {
      "last_modified": "2024-02-26T19:46:43Z",
      "resolved": "github:NixOS/nixpkgs/548a86b335d7ecd8b57ec617781f5e652ab0c38e#wayland",
      "source": "devbox-search",
      "version": "1.22.0",
      "systems": {
        "aarch64-darwin": {
          "store_path": "/nix/store/ns4qdjmwc87mbs5n12jzhlqa9snp89vc-wayland-1.22.0"
        },
        "aarch64-linux": {
          "store_path": "/nix/store/gcr9a5isz94v8yqy0awkp60kvrmyjz2q-wayland-1.22.0"
        },
        "x86_64-darwin": {
          "store_path": "/nix/store/q887ihbxl86mik8qqrgcgw5cc5m4i0bw-wayland-1.22.0"
        },
        "x86_64-linux": {
          "store_path": "/nix/store/1iixlnbx1rh7mrwdr5javns99cylgikr-wayland-1.22.0"
        }
      }
    },
    "xorg.libX11@latest": {
      "last_modified": "2024-03-08T13:51:52Z",
      "resolved": "github:NixOS/nixpkgs/a343533bccc62400e8a9560423486a3b6c11a23b#xorg.libX11",
      "source": "devbox-search",
      "version": "1.8.7",
      "systems": {
        "aarch64-darwin": {
          "store_path": "/nix/store/2px7q1sk2lwl1ix7sfvlkfs5pvd8kj9h-libX11-1.8.7"
        },
        "aarch64-linux": {
          "store_path": "/nix/store/d3kwnl0sf9j2fgjlix2pk02dpgfgkjzk-libX11-1.8.7"
        },
        "x86_64-darwin": {
          "store_path": "/nix/store/nsxhyi9vl9f8x3gab1w48pm552jnfv1b-libX11-1.8.7"
        },
        "x86_64-linux": {
          "store_path": "/nix/store/a3fhvy76y01zs6dpjcpp4iwpfg4pb4h4-libX11-1.8.7"
        }
      }
    },
    "xorg.libXcursor@latest": {
      "last_modified": "2024-03-08T13:51:52Z",
      "resolved": "github:NixOS/nixpkgs/a343533bccc62400e8a9560423486a3b6c11a23b#xorg.libXcursor",
      "source": "devbox-search",
      "version": "1.2.1",
      "systems": {
        "aarch64-darwin": {
          "store_path": "/nix/store/cj8k0xp4i4h7sfbsn0ipwgif3846wh7g-libXcursor-1.2.1"
        },
        "aarch64-linux": {
          "store_path": "/nix/store/vcjrkvwi1jja5shvwcasp7d10i8w0qmw-libXcursor-1.2.1"
        },
        "x86_64-darwin": {
          "store_path": "/nix/store/ls90m7k44mqsnz1k2xzl77wyqrk4khj1-libXcursor-1.2.1"
        },
        "x86_64-linux": {
          "store_path": "/nix/store/8v89lvkybzdgiwya8vznc26lwd40b50a-libXcursor-1.2.1"
        }
      }
    },
    "xorg.libXi@latest": {
      "last_modified": "2024-03-15T02:36:27Z",
      "resolved": "github:NixOS/nixpkgs/f242fc768bdfcf91d9094a8a8f66551324bf1a47#xorg.libXi",
      "source": "devbox-search",
      "version": "1.8.1",
      "systems": {
        "aarch64-darwin": {
          "store_path": "/nix/store/arlp0nn80ijjjkldjxlj7qinf9nlb5fj-libXi-1.8.1"
        },
        "aarch64-linux": {
          "store_path": "/nix/store/16mcsa5bxsbpfyarf1n3s86aaaah79x2-libXi-1.8.1"
        },
        "x86_64-darwin": {
          "store_path": "/nix/store/i1n4vjk5zclhpkdscw2g3vh2vnzr9d4b-libXi-1.8.1"
        },
        "x86_64-linux": {
          "store_path": "/nix/store/w3dpqajbk6y7q42j27gdnb1vp8szbp98-libXi-1.8.1"
        }
      }
    },
    "xorg.libXrandr@latest": {
      "last_modified": "2024-03-08T13:51:52Z",
      "resolved": "github:NixOS/nixpkgs/a343533bccc62400e8a9560423486a3b6c11a23b#xorg.libXrandr",
      "source": "devbox-search",
      "version": "1.5.4",
      "systems": {
        "aarch64-darwin": {
          "store_path": "/nix/store/h5abvn7dr9lsijwfvfzas12f3h7dlxh2-libXrandr-1.5.4"
        },
        "aarch64-linux": {
          "store_path": "/nix/store/h8f920f78la77vbkikcr68flhzy6q33s-libXrandr-1.5.4"
        },
        "x86_64-darwin": {
          "store_path": "/nix/store/3im4vnas779f0hgj0hyy7721s22nn32c-libXrandr-1.5.4"
        },
        "x86_64-linux": {
          "store_path": "/nix/store/gay3l80n8v764d52dk3zc4lrlsj8xdbw-libXrandr-1.5.4"
        }
      }
    }
  }
}
