{
  "lockfile_version": "1",
  "packages": {
    "rustup@latest": {
      "last_modified": "2024-03-08T13:51:52Z",
      "plugin_version": "0.0.1",
      "resolved": "github:NixOS/nixpkgs/a343533bccc62400e8a9560423486a3b6c11a23b#rustup",
      "source": "devbox-search",
      "version": "1.26.0",
      "systems": {
        "aarch64-darwin": {
          "store_path": "/nix/store/hgzyfdwvy68mp3xpbniwavizcpd67s2y-rustup-1.26.0"
        },
        "aarch64-linux": {
          "store_path": "/nix/store/2pn6r28vj0lf62shzwj3i8r3mg2njdvh-rustup-1.26.0"
        },
        "x86_64-darwin": {
          "store_path": "/nix/store/xwf6zn2y28655864c3m5453m02ig9id4-rustup-1.26.0"
        },
        "x86_64-linux": {
          "store_path": "/nix/store/49kaqs594l0i29b0dgzm3mvjz9blsdlj-rustup-1.26.0"
        }
      }
    },
    "wayland@latest": {
      "last_modified": "2024-02-26T19:46:43Z",
      "resolved": "github:NixOS/nixpkgs/548a86b335d7ecd8b57ec617781f5e652ab0c38e#wayland",
      "source": "devbox-search",
      "version": "1.22.0",
      "systems": {
        "aarch64-darwin": {
          "store_path": "/nix/store/ns4qdjmwc87mbs5n12jzhlqa9snp89vc-wayland-1.22.0"
        },
        "aarch64-linux": {
          "store_path": "/nix/store/gcr9a5isz94v8yqy0awkp60kvrmyjz2q-wayland-1.22.0"
        },
        "x86_64-darwin": {
          "store_path": "/nix/store/q887ihbxl86mik8qqrgcgw5cc5m4i0bw-wayland-1.22.0"
        },
        "x86_64-linux": {
          "store_path": "/nix/store/1iixlnbx1rh7mrwdr5javns99cylgikr-wayland-1.22.0"
        }
      }
    }
  }
}
